<?xml version="1.0" encoding="utf-8"?>
<Project ToolsVersion="4.0" xmlns="http://schemas.microsoft.com/developer/msbuild/2003">
  <ItemGroup>
    <ClCompile Include="hooks\functions\create_move.cpp" />
    <ClCompile Include="hooks\functions\paint.cpp" />
    <ClCompile Include="hooks\hook_handler.cpp" />
    <ClCompile Include="main.cpp" />
    <ClCompile Include="menu.cpp" />
    <ClCompile Include="sdk\entities.cpp" />
    <ClCompile Include="sdk\helper\classids.cpp" />
    <ClCompile Include="sdk\helper\interfaces.cpp" />
    <ClCompile Include="sdk\helper\render.cpp" />
    <ClCompile Include="sdk\helper\netvars.cpp" />
    <ClCompile Include="sdk\helper\weaponids.cpp" />
    <ClCompile Include="sdk\helper\game.cpp" />
    <ClCompile Include="features\misc\movement.cpp" />
    <ClCompile Include="features\visuals\player_esp.cpp" />
    <ClCompile Include="hooks\functions\reload_fonts.cpp" />
    <ClCompile Include="hooks\functions\player_hurt.cpp" />
    <ClCompile Include="sdk\helper\events.cpp" />
  </ItemGroup>
  <ItemGroup>
    <ClInclude Include="context\client.hpp" />
    <ClInclude Include="context\csgo.hpp" />
    <ClInclude Include="context\mem.hpp" />
    <ClInclude Include="csgo.hpp" />
    <ClInclude Include="hooks\hook_handler.hpp" />
    <ClInclude Include="menu.hpp" />
    <ClInclude Include="sdk\entities.hpp" />
    <ClInclude Include="sdk\helper\classids.hpp" />
    <ClInclude Include="sdk\helper\interfaces.hpp" />
    <ClInclude Include="sdk\helper\netvars.hpp" />
    <ClInclude Include="sdk\helper\render.hpp" />
    <ClInclude Include="sdk\helper\weaponids.hpp" />
    <ClInclude Include="sdk\sdk.hpp" />
    <ClInclude Include="sdk\source_engine\CFontManager.hpp" />
    <ClInclude Include="sdk\source_engine\CHLClient.hpp" />
    <ClInclude Include="sdk\source_engine\CItemSystem.hpp" />
    <ClInclude Include="sdk\source_engine\datatypes\ClientClass.hpp" />
    <ClInclude Include="sdk\source_engine\datatypes\ConVar.hpp" />
    <ClInclude Include="sdk\source_engine\datatypes\datamap.hpp" />
    <ClInclude Include="sdk\source_engine\IClientEntity.hpp" />
    <ClInclude Include="sdk\source_engine\IClientEntityList.h" />
    <ClInclude Include="sdk\source_engine\IClientMode.hpp" />
    <ClInclude Include="sdk\source_engine\ICVar.hpp" />
    <ClInclude Include="sdk\source_engine\ISurface.hpp" />
    <ClInclude Include="sdk\source_engine\IVEngineClient.hpp" />
    <ClInclude Include="sdk\source_engine\IVEngineVGui.hpp" />
    <ClInclude Include="sdk\source_engine\datatypes\player_info_t.hpp" />
    <ClInclude Include="sdk\helper\game.hpp" />
    <ClInclude Include="sdk\source_engine\datatypes\ServerClass.hpp" />
    <ClInclude Include="sdk\source_engine\IServer.hpp" />
    <ClInclude Include="sdk\source_engine\CGlobalVarsBase.hpp" />
    <ClInclude Include="features\misc\movement.hpp" />
    <ClInclude Include="features\visuals\player_esp.hpp" />
    <ClInclude Include="features\features.hpp" />
    <ClInclude Include="sdk\source_engine\datatypes\CCSWeaponData.hpp" />
    <ClInclude Include="sdk\source_engine\ISchemeManager.hpp" />
    <ClInclude Include="sdk\source_engine\datatypes\CUserCmd.hpp" />
    <ClInclude Include="sdk\source_engine\datatypes\IGameEvent.hpp" />
    <ClInclude Include="sdk\source_engine\IGameEventManager.hpp" />
    <ClInclude Include="sdk\helper\events.hpp" />
    <ClInclude Include="context\cfg.hpp" />
    <ClInclude Include="sdk\source_engine\CInputSystem.hpp" />
  </ItemGroup>
</Project>