
Microsoft Visual Studio Solution File, Format Version 12.00
# Visual Studio Version 16
VisualStudioVersion = 16.0.28803.352
MinimumVisualStudioVersion = 10.0.40219.1
Project("{8BC9CEB8-8B4A-11D0-8D11-00A0C91BC942}") = "shared", "shared\shared.vcxproj", "{B7186DA2-A6A5-4895-84D3-144483E36394}"
EndProject
Project("{8BC9CEB8-8B4A-11D0-8D11-00A0C91BC942}") = "csgo", "csgo\csgo.vcxproj", "{0A5E5EC7-5BE5-4BDC-A266-71011E5EAC36}"
	ProjectSection(ProjectDependencies) = postProject
		{B7186DA2-A6A5-4895-84D3-144483E36394} = {B7186DA2-A6A5-4895-84D3-144483E36394}
	EndProjectSection
EndProject
Project("{8BC9CEB8-8B4A-11D0-8D11-00A0C91BC942}") = "injector", "injector\injector.vcxproj", "{B251E5B3-0B86-4DA1-9E0A-2519E0B3DF5E}"
	ProjectSection(ProjectDependencies) = postProject
		{B7186DA2-A6A5-4895-84D3-144483E36394} = {B7186DA2-A6A5-4895-84D3-144483E36394}
	EndProjectSection
EndProject
Global
	GlobalSection(SolutionConfigurationPlatforms) = preSolution
		Debug|x64 = Debug|x64
		Debug|x86 = Debug|x86
		Release|x64 = Release|x64
		Release|x86 = Release|x86
	EndGlobalSection
	GlobalSection(ProjectConfigurationPlatforms) = postSolution
		{B7186DA2-A6A5-4895-84D3-144483E36394}.Debug|x64.ActiveCfg = Debug|x64
		{B7186DA2-A6A5-4895-84D3-144483E36394}.Debug|x64.Build.0 = Debug|x64
		{B7186DA2-A6A5-4895-84D3-144483E36394}.Debug|x86.ActiveCfg = Debug|Win32
		{B7186DA2-A6A5-4895-84D3-144483E36394}.Debug|x86.Build.0 = Debug|Win32
		{B7186DA2-A6A5-4895-84D3-144483E36394}.Release|x64.ActiveCfg = Release|x64
		{B7186DA2-A6A5-4895-84D3-144483E36394}.Release|x64.Build.0 = Release|x64
		{B7186DA2-A6A5-4895-84D3-144483E36394}.Release|x86.ActiveCfg = Release|Win32
		{B7186DA2-A6A5-4895-84D3-144483E36394}.Release|x86.Build.0 = Release|Win32
		{0A5E5EC7-5BE5-4BDC-A266-71011E5EAC36}.Debug|x64.ActiveCfg = Debug|x64
		{0A5E5EC7-5BE5-4BDC-A266-71011E5EAC36}.Debug|x64.Build.0 = Debug|x64
		{0A5E5EC7-5BE5-4BDC-A266-71011E5EAC36}.Debug|x86.ActiveCfg = Debug|Win32
		{0A5E5EC7-5BE5-4BDC-A266-71011E5EAC36}.Debug|x86.Build.0 = Debug|Win32
		{0A5E5EC7-5BE5-4BDC-A266-71011E5EAC36}.Release|x64.ActiveCfg = Release|x64
		{0A5E5EC7-5BE5-4BDC-A266-71011E5EAC36}.Release|x64.Build.0 = Release|x64
		{0A5E5EC7-5BE5-4BDC-A266-71011E5EAC36}.Release|x86.ActiveCfg = Release|Win32
		{0A5E5EC7-5BE5-4BDC-A266-71011E5EAC36}.Release|x86.Build.0 = Release|Win32
		{B251E5B3-0B86-4DA1-9E0A-2519E0B3DF5E}.Debug|x64.ActiveCfg = Debug|x64
		{B251E5B3-0B86-4DA1-9E0A-2519E0B3DF5E}.Debug|x64.Build.0 = Debug|x64
		{B251E5B3-0B86-4DA1-9E0A-2519E0B3DF5E}.Debug|x86.ActiveCfg = Debug|Win32
		{B251E5B3-0B86-4DA1-9E0A-2519E0B3DF5E}.Debug|x86.Build.0 = Debug|Win32
		{B251E5B3-0B86-4DA1-9E0A-2519E0B3DF5E}.Release|x64.ActiveCfg = Release|x64
		{B251E5B3-0B86-4DA1-9E0A-2519E0B3DF5E}.Release|x64.Build.0 = Release|x64
		{B251E5B3-0B86-4DA1-9E0A-2519E0B3DF5E}.Release|x86.ActiveCfg = Release|Win32
		{B251E5B3-0B86-4DA1-9E0A-2519E0B3DF5E}.Release|x86.Build.0 = Release|Win32
	EndGlobalSection
	GlobalSection(SolutionProperties) = preSolution
		HideSolutionNode = FALSE
	EndGlobalSection
	GlobalSection(ExtensibilityGlobals) = postSolution
		SolutionGuid = {BB33BA71-84A8-452C-B6DA-153C2EB7DC95}
	EndGlobalSection
EndGlobal
