<?xml version="1.0" encoding="utf-8"?>
<Project ToolsVersion="4.0" xmlns="http://schemas.microsoft.com/developer/msbuild/2003">
  <ItemGroup>
    <Filter Include="Source Files">
      <UniqueIdentifier>{4FC737F1-C7A5-4376-A066-2A32D752A2FF}</UniqueIdentifier>
      <Extensions>cpp;c;cc;cxx;def;odl;idl;hpj;bat;asm;asmx</Extensions>
    </Filter>
    <Filter Include="Header Files">
      <UniqueIdentifier>{93995380-89BD-4b04-88EB-625FBE52EBFB}</UniqueIdentifier>
      <Extensions>h;hh;hpp;hxx;hm;inl;inc;ipp;xsd</Extensions>
    </Filter>
    <Filter Include="Resource Files">
      <UniqueIdentifier>{67DA6AB6-F800-4c08-8B7A-83BB121AAD01}</UniqueIdentifier>
      <Extensions>rc;ico;cur;bmp;dlg;rc2;rct;bin;rgs;gif;jpg;jpeg;jpe;resx;tiff;tif;png;wav;mfcribbon-ms</Extensions>
    </Filter>
  </ItemGroup>
  <ItemGroup>
    <ClInclude Include="shared.hpp">
      <Filter>Header Files</Filter>
    </ClInclude>
    <ClInclude Include="address\address.hpp">
      <Filter>Header Files</Filter>
    </ClInclude>
    <ClInclude Include="mem\mem.hpp">
      <Filter>Header Files</Filter>
    </ClInclude>
    <ClInclude Include="bitflag\bitflag.hpp">
      <Filter>Header Files</Filter>
    </ClInclude>
    <ClInclude Include="stack_frame\stack_frame.hpp">
      <Filter>Header Files</Filter>
    </ClInclude>
    <ClInclude Include="hash\hash.hpp">
      <Filter>Header Files</Filter>
    </ClInclude>
    <ClInclude Include="fmt\chrono.hpp">
      <Filter>Header Files</Filter>
    </ClInclude>
    <ClInclude Include="fmt\color.hpp">
      <Filter>Header Files</Filter>
    </ClInclude>
    <ClInclude Include="fmt\core.hpp">
      <Filter>Header Files</Filter>
    </ClInclude>
    <ClInclude Include="fmt\format.hpp">
      <Filter>Header Files</Filter>
    </ClInclude>
    <ClInclude Include="fmt\format-inl.hpp">
      <Filter>Header Files</Filter>
    </ClInclude>
    <ClInclude Include="fmt\locale.hpp">
      <Filter>Header Files</Filter>
    </ClInclude>
    <ClInclude Include="fmt\ostream.hpp">
      <Filter>Header Files</Filter>
    </ClInclude>
    <ClInclude Include="fmt\posix.hpp">
      <Filter>Header Files</Filter>
    </ClInclude>
    <ClInclude Include="fmt\prepare.hpp">
      <Filter>Header Files</Filter>
    </ClInclude>
    <ClInclude Include="fmt\printf.hpp">
      <Filter>Header Files</Filter>
    </ClInclude>
    <ClInclude Include="fmt\ranges.hpp">
      <Filter>Header Files</Filter>
    </ClInclude>
    <ClInclude Include="fmt\time.hpp">
      <Filter>Header Files</Filter>
    </ClInclude>
    <ClInclude Include="log\log.hpp">
      <Filter>Header Files</Filter>
    </ClInclude>
    <ClInclude Include="input\input.hpp">
      <Filter>Header Files</Filter>
    </ClInclude>
    <ClInclude Include="math\math.hpp">
      <Filter>Header Files</Filter>
    </ClInclude>
    <ClInclude Include="math\datatypes\vec2_t.hpp">
      <Filter>Header Files</Filter>
    </ClInclude>
    <ClInclude Include="math\datatypes\vec3_t.hpp">
      <Filter>Header Files</Filter>
    </ClInclude>
    <ClInclude Include="math\datatypes\vec4_t.hpp">
      <Filter>Header Files</Filter>
    </ClInclude>
    <ClInclude Include="math\datatypes\angle_t.hpp">
      <Filter>Header Files</Filter>
    </ClInclude>
    <ClInclude Include="math\datatypes\matrix3x4_t.hpp">
      <Filter>Header Files</Filter>
    </ClInclude>
    <ClInclude Include="math\math_definitions.hpp">
      <Filter>Header Files</Filter>
    </ClInclude>
    <ClInclude Include="gui\gui.hpp">
      <Filter>Header Files</Filter>
    </ClInclude>
    <ClInclude Include="hook\hook.hpp">
      <Filter>Header Files</Filter>
    </ClInclude>
    <ClInclude Include="mem_protect\mem_protect.hpp">
      <Filter>Header Files</Filter>
    </ClInclude>
    <ClInclude Include="color\col_t.hpp">
      <Filter>Header Files</Filter>
    </ClInclude>
  </ItemGroup>
  <ItemGroup>
    <ClCompile Include="mem\mem.cpp">
      <Filter>Source Files</Filter>
    </ClCompile>
    <ClCompile Include="log\log.cpp">
      <Filter>Source Files</Filter>
    </ClCompile>
    <ClCompile Include="input\input.cpp">
      <Filter>Source Files</Filter>
    </ClCompile>
    <ClCompile Include="math\math.cpp">
      <Filter>Source Files</Filter>
    </ClCompile>
    <ClCompile Include="gui\gui.cpp">
      <Filter>Source Files</Filter>
    </ClCompile>
  </ItemGroup>
</Project>