<?xml version="1.0" encoding="utf-8"?>
<Project ToolsVersion="4.0" xmlns="http://schemas.microsoft.com/developer/msbuild/2003">
  <ItemGroup>
    <Filter Include="Source Files">
      <UniqueIdentifier>{4FC737F1-C7A5-4376-A066-2A32D752A2FF}</UniqueIdentifier>
      <Extensions>cpp;c;cc;cxx;def;odl;idl;hpj;bat;asm;asmx</Extensions>
    </Filter>
    <Filter Include="Header Files">
      <UniqueIdentifier>{93995380-89BD-4b04-88EB-625FBE52EBFB}</UniqueIdentifier>
      <Extensions>h;hh;hpp;hxx;hm;inl;inc;ipp;xsd</Extensions>
    </Filter>
    <Filter Include="Resource Files">
      <UniqueIdentifier>{67DA6AB6-F800-4c08-8B7A-83BB121AAD01}</UniqueIdentifier>
      <Extensions>rc;ico;cur;bmp;dlg;rc2;rct;bin;rgs;gif;jpg;jpeg;jpe;resx;tiff;tif;png;wav;mfcribbon-ms</Extensions>
    </Filter>
  </ItemGroup>
  <ItemGroup>
    <ClInclude Include="shared.hpp">
      <Filter>Header Files</Filter>
    </ClInclude>
    <ClInclude Include="address\address.hpp">
      <Filter>Header Files</Filter>
    </ClInclude>
    <ClInclude Include="mem\mem.hpp">
      <Filter>Header Files</Filter>
    </ClInclude>
    <ClInclude Include="bitflag\bitflag.hpp">
      <Filter>Header Files</Filter>
    </ClInclude>
    <ClInclude Include="stack_frame\stack_frame.hpp">
      <Filter>Header Files</Filter>
    </ClInclude>
    <ClInclude Include="hash\hash.hpp">
      <Filter>Header Files</Filter>
    </ClInclude>
    <ClInclude Include="fmt\chrono.hpp">
      <Filter>Header Files</Filter>
    </ClInclude>
    <ClInclude Include="fmt\color.hpp">
      <Filter>Header Files</Filter>
    </ClInclude>
    <ClInclude Include="fmt\core.hpp">
      <Filter>Header Files</Filter>
    </ClInclude>
    <ClInclude Include="fmt\format.hpp">
      <Filter>Header Files</Filter>
    </ClInclude>
    <ClInclude Include="fmt\format-inl.hpp">
      <Filter>Header Files</Filter>
    </ClInclude>
    <ClInclude Include="fmt\locale.hpp">
      <Filter>Header Files</Filter>
    </ClInclude>
    <ClInclude Include="fmt\ostream.hpp">
      <Filter>Header Files</Filter>
    </ClInclude>
    <ClInclude Include="fmt\posix.hpp">
      <Filter>Header Files</Filter>
    </ClInclude>
    <ClInclude Include="fmt\prepare.hpp">
      <Filter>Header Files</Filter>
    </ClInclude>
    <ClInclude Include="fmt\printf.hpp">
      <Filter>Header Files</Filter>
    </ClInclude>
    <ClInclude Include="fmt\ranges.hpp">
      <Filter>Header Files</Filter>
    </ClInclude>
    <ClInclude Include="fmt\time.hpp">
      <Filter>Header Files</Filter>
    </ClInclude>
    <ClInclude Include="input\input.hpp">
      <Filter>Header Files</Filter>
    </ClInclude>
    <ClInclude Include="math\math.hpp">
      <Filter>Header Files</Filter>
    </ClInclude>
    <ClInclude Include="math\datatypes\vec2_t.hpp">
      <Filter>Header Files</Filter>
    </ClInclude>
    <ClInclude Include="math\datatypes\vec3_t.hpp">
      <Filter>Header Files</Filter>
    </ClInclude>
    <ClInclude Include="math\datatypes\vec4_t.hpp">
      <Filter>Header Files</Filter>
    </ClInclude>
    <ClInclude Include="math\datatypes\angle_t.hpp">
      <Filter>Header Files</Filter>
    </ClInclude>
    <ClInclude Include="math\datatypes\matrix3x4_t.hpp">
      <Filter>Header Files</Filter>
    </ClInclude>
    <ClInclude Include="math\math_definitions.hpp">
      <Filter>Header Files</Filter>
    </ClInclude>
    <ClInclude Include="hook\hook.hpp">
      <Filter>Header Files</Filter>
    </ClInclude>
    <ClInclude Include="mem_protect\mem_protect.hpp">
      <Filter>Header Files</Filter>
    </ClInclude>
    <ClInclude Include="color\col_t.hpp">
      <Filter>Header Files</Filter>
    </ClInclude>
    <ClInclude Include="easing\easing.hpp">
      <Filter>Header Files</Filter>
    </ClInclude>
    <ClInclude Include="math\datatypes\vert_t.h">
      <Filter>Header Files</Filter>
    </ClInclude>
    <ClInclude Include="gui\gui.hpp">
      <Filter>Header Files</Filter>
    </ClInclude>
    <ClInclude Include="math\datatypes\view_matrix_t.hpp">
      <Filter>Header Files</Filter>
    </ClInclude>
    <ClInclude Include="gui\controls.hpp">
      <Filter>Header Files</Filter>
    </ClInclude>
    <ClInclude Include="log\log.hpp">
      <Filter>Header Files</Filter>
    </ClInclude>
    <ClInclude Include="config\config.hpp">
      <Filter>Header Files</Filter>
    </ClInclude>
    <ClInclude Include="misc\misc.hpp">
      <Filter>Header Files</Filter>
    </ClInclude>
    <ClInclude Include="json\detail\conversions\from_json.hpp">
      <Filter>Header Files</Filter>
    </ClInclude>
    <ClInclude Include="json\detail\conversions\to_chars.hpp">
      <Filter>Header Files</Filter>
    </ClInclude>
    <ClInclude Include="json\detail\conversions\to_json.hpp">
      <Filter>Header Files</Filter>
    </ClInclude>
    <ClInclude Include="json\detail\input\binary_reader.hpp">
      <Filter>Header Files</Filter>
    </ClInclude>
    <ClInclude Include="json\detail\input\input_adapters.hpp">
      <Filter>Header Files</Filter>
    </ClInclude>
    <ClInclude Include="json\detail\input\json_sax.hpp">
      <Filter>Header Files</Filter>
    </ClInclude>
    <ClInclude Include="json\detail\input\lexer.hpp">
      <Filter>Header Files</Filter>
    </ClInclude>
    <ClInclude Include="json\detail\input\parser.hpp">
      <Filter>Header Files</Filter>
    </ClInclude>
    <ClInclude Include="json\detail\input\position_t.hpp">
      <Filter>Header Files</Filter>
    </ClInclude>
    <ClInclude Include="json\detail\iterators\internal_iterator.hpp">
      <Filter>Header Files</Filter>
    </ClInclude>
    <ClInclude Include="json\detail\iterators\iter_impl.hpp">
      <Filter>Header Files</Filter>
    </ClInclude>
    <ClInclude Include="json\detail\iterators\iteration_proxy.hpp">
      <Filter>Header Files</Filter>
    </ClInclude>
    <ClInclude Include="json\detail\iterators\iterator_traits.hpp">
      <Filter>Header Files</Filter>
    </ClInclude>
    <ClInclude Include="json\detail\iterators\json_reverse_iterator.hpp">
      <Filter>Header Files</Filter>
    </ClInclude>
    <ClInclude Include="json\detail\iterators\primitive_iterator.hpp">
      <Filter>Header Files</Filter>
    </ClInclude>
    <ClInclude Include="json\detail\meta\cpp_future.hpp">
      <Filter>Header Files</Filter>
    </ClInclude>
    <ClInclude Include="json\detail\meta\detected.hpp">
      <Filter>Header Files</Filter>
    </ClInclude>
    <ClInclude Include="json\detail\meta\is_sax.hpp">
      <Filter>Header Files</Filter>
    </ClInclude>
    <ClInclude Include="json\detail\meta\type_traits.hpp">
      <Filter>Header Files</Filter>
    </ClInclude>
    <ClInclude Include="json\detail\meta\void_t.hpp">
      <Filter>Header Files</Filter>
    </ClInclude>
    <ClInclude Include="json\detail\output\binary_writer.hpp">
      <Filter>Header Files</Filter>
    </ClInclude>
    <ClInclude Include="json\detail\output\output_adapters.hpp">
      <Filter>Header Files</Filter>
    </ClInclude>
    <ClInclude Include="json\detail\output\serializer.hpp">
      <Filter>Header Files</Filter>
    </ClInclude>
    <ClInclude Include="json\detail\exceptions.hpp">
      <Filter>Header Files</Filter>
    </ClInclude>
    <ClInclude Include="json\detail\json_pointer.hpp">
      <Filter>Header Files</Filter>
    </ClInclude>
    <ClInclude Include="json\detail\json_ref.hpp">
      <Filter>Header Files</Filter>
    </ClInclude>
    <ClInclude Include="json\detail\macro_scope.hpp">
      <Filter>Header Files</Filter>
    </ClInclude>
    <ClInclude Include="json\detail\macro_unscope.hpp">
      <Filter>Header Files</Filter>
    </ClInclude>
    <ClInclude Include="json\detail\value_t.hpp">
      <Filter>Header Files</Filter>
    </ClInclude>
    <ClInclude Include="json\adl_serializer.hpp">
      <Filter>Header Files</Filter>
    </ClInclude>
    <ClInclude Include="json\json.hpp">
      <Filter>Header Files</Filter>
    </ClInclude>
    <ClInclude Include="json\json_fwd.hpp">
      <Filter>Header Files</Filter>
    </ClInclude>
  </ItemGroup>
  <ItemGroup>
    <ClCompile Include="mem\mem.cpp">
      <Filter>Source Files</Filter>
    </ClCompile>
    <ClCompile Include="input\input.cpp">
      <Filter>Source Files</Filter>
    </ClCompile>
    <ClCompile Include="math\math.cpp">
      <Filter>Source Files</Filter>
    </ClCompile>
    <ClCompile Include="gui\gui.cpp">
      <Filter>Source Files</Filter>
    </ClCompile>
    <ClCompile Include="gui\controls\tab.cpp">
      <Filter>Source Files</Filter>
    </ClCompile>
    <ClCompile Include="gui\controls\checkbox.cpp">
      <Filter>Source Files</Filter>
    </ClCompile>
    <ClCompile Include="log\log.cpp">
      <Filter>Source Files</Filter>
    </ClCompile>
    <ClCompile Include="gui\controls\separator.cpp">
      <Filter>Source Files</Filter>
    </ClCompile>
    <ClCompile Include="gui\controls\combo.cpp">
      <Filter>Source Files</Filter>
    </ClCompile>
    <ClCompile Include="gui\controls\slider.cpp">
      <Filter>Source Files</Filter>
    </ClCompile>
    <ClCompile Include="config\config.cpp">
      <Filter>Source Files</Filter>
    </ClCompile>
    <ClCompile Include="misc\misc.cpp">
      <Filter>Source Files</Filter>
    </ClCompile>
  </ItemGroup>
</Project>